# This file is generated by running "yarn install" inside your project.
# Manual changes might be lost - proceed with caution!

__metadata:
  version: 6
  cacheKey: 8

"biskviit@npm:1.0.1":
  version: 1.0.1
  resolution: "biskviit@npm:1.0.1"
  dependencies:
    psl: ^1.1.7
  checksum: a28a2abb40583d9f549917b9d41b6bde1caee1c297ed76af5d8dac652d52233ade3633f17b6f36ce7aacf7e26bcc0553b30ae5868aa0f08ede5df7eb8dd239f7
  languageName: node
  linkType: hard

"encoding@npm:0.1.12":
  version: 0.1.12
  resolution: "encoding@npm:0.1.12"
  dependencies:
    iconv-lite: ~0.4.13
  checksum: 96df688a93821e866bea19dd689863b1f9e07ef1c15321dde1fbcb8008ed7c785c48b248c4def01367780d2637c459b8ffa988de9647afe4200b003b1ac369ef
  languageName: node
  linkType: hard

"fetch@npm:^1.1.0":
  version: 1.1.0
  resolution: "fetch@npm:1.1.0"
  dependencies:
    biskviit: 1.0.1
    encoding: 0.1.12
  checksum: 0312637f72b3ba1f66cf7f3e9a8fe5d0b38f1bb54e2b109b16657ac62f312d5342caa867ffd0b4898a534aaad8a0baec59a24afa558ce1bc60c4aaa1637288b2
  languageName: node
  linkType: hard

"iconv-lite@npm:~0.4.13":
  version: 0.4.24
  resolution: "iconv-lite@npm:0.4.24"
  dependencies:
    safer-buffer: ">= 2.1.2 < 3"
  checksum: bd9f120f5a5b306f0bc0b9ae1edeb1577161503f5f8252a20f1a9e56ef8775c9959fd01c55f2d3a39d9a8abaf3e30c1abeb1895f367dcbbe0a8fd1c9ca01c4f6
  languageName: node
  linkType: hard

"indexify-js@workspace:.":
  version: 0.0.0-use.local
  resolution: "indexify-js@workspace:."
  dependencies:
    fetch: ^1.1.0
  languageName: unknown
  linkType: soft

"psl@npm:^1.1.7":
  version: 1.9.0
  resolution: "psl@npm:1.9.0"
  checksum: 20c4277f640c93d393130673f392618e9a8044c6c7bf61c53917a0fddb4952790f5f362c6c730a9c32b124813e173733f9895add8d26f566ed0ea0654b2e711d
  languageName: node
  linkType: hard

"safer-buffer@npm:>= 2.1.2 < 3":
  version: 2.1.2
  resolution: "safer-buffer@npm:2.1.2"
  checksum: cab8f25ae6f1434abee8d80023d7e72b598cf1327164ddab31003c51215526801e40b66c5e65d658a0af1e9d6478cadcb4c745f4bd6751f97d8644786c0978b0
  languageName: node
  linkType: hard
